
Microsoft Visual Studio Solution File, Format Version 12.00
# Visual Studio Version 17
VisualStudioVersion = 17.10.35027.167
MinimumVisualStudioVersion = 10.0.40219.1
Project("{FAE04EC0-301F-11D3-BF4B-00C04F79EFBC}") = "Market", "Market.csproj", "{DECE4809-EBB1-477E-A6C0-8C4F70011EA3}"
EndProject
Global
	GlobalSection(SolutionConfigurationPlatforms) = preSolution
		Debug|Any CPU = Debug|Any CPU
		Release|Any CPU = Release|Any CPU
	EndGlobalSection
	GlobalSection(ProjectConfigurationPlatforms) = postSolution
		{DECE4809-EBB1-477E-A6C0-8C4F70011EA3}.Debug|Any CPU.ActiveCfg = Debug|Any CPU
		{DECE4809-EBB1-477E-A6C0-8C4F70011EA3}.Debug|Any CPU.Build.0 = Debug|Any CPU
		{DECE4809-EBB1-477E-A6C0-8C4F70011EA3}.Release|Any CPU.ActiveCfg = Release|Any CPU
		{DECE4809-EBB1-477E-A6C0-8C4F70011EA3}.Release|Any CPU.Build.0 = Release|Any CPU
	EndGlobalSection
	GlobalSection(SolutionProperties) = preSolution
		HideSolutionNode = FALSE
	EndGlobalSection
	GlobalSection(ExtensibilityGlobals) = postSolution
		SolutionGuid = {653BCE5C-3302-49E0-8BEE-7D04C0A2C68E}
	EndGlobalSection
EndGlobal
